hash: e7b4fcc4fac5ad5b2f1958ee63d06f0106f13ee9846b9a90fb3949c24e07252e
updated: 2017-02-03T07:24:00.398051934Z
imports:
- name: cloud.google.com/go
  version: 3258e6905e9694db9bcd41910c65ecc30ae6dbbe
  subpackages:
  - compute/metadata
  - internal
- name: github.com/golang/protobuf
  version: 8ee79997227bf9b34611aee7946ae64735e6fd93
  subpackages:
  - proto
- name: github.com/googleapis/gax-go
  version: da06d194a00e19ce00d9011a13931c3f6f6887c7
- name: golang.org/x/net
  version: 007e530097ad7f954752df63046b4036f98ba6a6
  subpackages:
  - context
  - context/ctxhttp
  - http2
  - http2/hpack
  - idna
  - internal/timeseries
  - lex/httplex
  - trace
- name: golang.org/x/oauth2
  version: 314dd2c0bf3ebd592ec0d20847d27e79d0dbe8dd
  subpackages:
  - google
  - internal
  - jws
  - jwt
- name: google.golang.org/api
  version: c55f685368bb1cdfed2c20283e2878a83b929730
  subpackages:
  - compute/v1
  - gensupport
  - googleapi
  - googleapi/internal/uritemplates
- name: google.golang.org/appengine
  version: a2c54d2174c17540446e0ced57d9d459af61bc1c
  subpackages:
  - internal
  - internal/app_identity
  - internal/base
  - internal/datastore
  - internal/log
  - internal/modules
  - internal/remote_api
  - internal/urlfetch
  - urlfetch
- name: google.golang.org/grpc
  version: 21f8ed309495401e6fd79b3a9fd549582aed1b4c
  subpackages:
  - codes
  - credentials
  - grpclog
  - internal
  - metadata
  - naming
  - peer
  - stats
  - tap
  - transport
testImports: []
